// !$*UTF8*$!
{
	archiveVersion = 1;
	classes = {
	};
	objectVersion = 55;
	objects = {

/* Begin PBXBuildFile section */
		B69EF4C327EE2B1E00C086DA /* AppDelegate.swift in Sources */ = {isa = PBXBuildFile; fileRef = B69EF4C227EE2B1E00C086DA /* AppDelegate.swift */; };
		B69EF4C527EE2B1E00C086DA /* SceneDelegate.swift in Sources */ = {isa = PBXBuildFile; fileRef = B69EF4C427EE2B1E00C086DA /* SceneDelegate.swift */; };
		B69EF4C727EE2B1E00C086DA /* ViewController.swift in Sources */ = {isa = PBXBuildFile; fileRef = B69EF4C627EE2B1E00C086DA /* ViewController.swift */; };
		B69EF4CA27EE2B1E00C086DA /* Main.storyboard in Resources */ = {isa = PBXBuildFile; fileRef = B69EF4C827EE2B1E00C086DA /* Main.storyboard */; };
		B69EF4CC27EE2B2400C086DA /* Assets.xcassets in Resources */ = {isa = PBXBuildFile; fileRef = B69EF4CB27EE2B2400C086DA /* Assets.xcassets */; };
		B69EF4CF27EE2B2400C086DA /* LaunchScreen.storyboard in Resources */ = {isa = PBXBuildFile; fileRef = B69EF4CD27EE2B2400C086DA /* LaunchScreen.storyboard */; };
		B69EF4DA27EE2B2500C086DA /* ParstagramTests.swift in Sources */ = {isa = PBXBuildFile; fileRef = B69EF4D927EE2B2500C086DA /* ParstagramTests.swift */; };
		B69EF4E427EE2B2500C086DA /* ParstagramUITests.swift in Sources */ = {isa = PBXBuildFile; fileRef = B69EF4E327EE2B2500C086DA /* ParstagramUITests.swift */; };
		B69EF4E627EE2B2500C086DA /* ParstagramUITestsLaunchTests.swift in Sources */ = {isa = PBXBuildFile; fileRef = B69EF4E527EE2B2500C086DA /* ParstagramUITestsLaunchTests.swift */; };
/* End PBXBuildFile section */

/* Begin PBXContainerItemProxy section */
		B69EF4D627EE2B2500C086DA /* PBXContainerItemProxy */ = {
			isa = PBXContainerItemProxy;
			containerPortal = B69EF4B727EE2B1E00C086DA /* Project object */;
			proxyType = 1;
			remoteGlobalIDString = B69EF4BE27EE2B1E00C086DA;
			remoteInfo = Parstagram;
		};
		B69EF4E027EE2B2500C086DA /* PBXContainerItemProxy */ = {
			isa = PBXContainerItemProxy;
			containerPortal = B69EF4B727EE2B1E00C086DA /* Project object */;
			proxyType = 1;
			remoteGlobalIDString = B69EF4BE27EE2B1E00C086DA;
			remoteInfo = Parstagram;
		};
/* End PBXContainerItemProxy section */

/* Begin PBXFileReference section */
		B69EF4BF27EE2B1E00C086DA /* Parstagram.app */ = {isa = PBXFileReference; explicitFileType = wrapper.application; includeInIndex = 0; path = Parstagram.app; sourceTree = BUILT_PRODUCTS_DIR; };
		B69EF4C227EE2B1E00C086DA /* AppDelegate.swift */ = {isa = PBXFileReference; lastKnownFileType = sourcecode.swift; path = AppDelegate.swift; sourceTree = "<group>"; };
		B69EF4C427EE2B1E00C086DA /* SceneDelegate.swift */ = {isa = PBXFileReference; lastKnownFileType = sourcecode.swift; path = SceneDelegate.swift; sourceTree = "<group>"; };
		B69EF4C627EE2B1E00C086DA /* ViewController.swift */ = {isa = PBXFileReference; lastKnownFileType = sourcecode.swift; path = ViewController.swift; sourceTree = "<group>"; };
		B69EF4C927EE2B1E00C086DA /* Base */ = {isa = PBXFileReference; lastKnownFileType = file.storyboard; name = Base; path = Base.lproj/Main.storyboard; sourceTree = "<group>"; };
		B69EF4CB27EE2B2400C086DA /* Assets.xcassets */ = {isa = PBXFileReference; lastKnownFileType = folder.assetcatalog; path = Assets.xcassets; sourceTree = "<group>"; };
		B69EF4CE27EE2B2400C086DA /* Base */ = {isa = PBXFileReference; lastKnownFileType = file.storyboard; name = Base; path = Base.lproj/LaunchScreen.storyboard; sourceTree = "<group>"; };
		B69EF4D027EE2B2400C086DA /* Info.plist */ = {isa = PBXFileReference; lastKnownFileType = text.plist.xml; path = Info.plist; sourceTree = "<group>"; };
		B69EF4D527EE2B2500C086DA /* ParstagramTests.xctest */ = {isa = PBXFileReference; explicitFileType = wrapper.cfbundle; includeInIndex = 0; path = ParstagramTests.xctest; sourceTree = BUILT_PRODUCTS_DIR; };
		B69EF4D927EE2B2500C086DA /* ParstagramTests.swift */ = {isa = PBXFileReference; lastKnownFileType = sourcecode.swift; path = ParstagramTests.swift; sourceTree = "<group>"; };
		B69EF4DF27EE2B2500C086DA /* ParstagramUITests.xctest */ = {isa = PBXFileReference; explicitFileType = wrapper.cfbundle; includeInIndex = 0; path = ParstagramUITests.xctest; sourceTree = BUILT_PRODUCTS_DIR; };
		B69EF4E327EE2B2500C086DA /* ParstagramUITests.swift */ = {isa = PBXFileReference; lastKnownFileType = sourcecode.swift; path = ParstagramUITests.swift; sourceTree = "<group>"; };
		B69EF4E527EE2B2500C086DA /* ParstagramUITestsLaunchTests.swift */ = {isa = PBXFileReference; lastKnownFileType = sourcecode.swift; path = ParstagramUITestsLaunchTests.swift; sourceTree = "<group>"; };
/* End PBXFileReference section */

/* Begin PBXFrameworksBuildPhase section */
		B69EF4BC27EE2B1E00C086DA /* Frameworks */ = {
			isa = PBXFrameworksBuildPhase;
			buildActionMask = 2147483647;
			files = (
			);
			runOnlyForDeploymentPostprocessing = 0;
		};
		B69EF4D227EE2B2500C086DA /* Frameworks */ = {
			isa = PBXFrameworksBuildPhase;
			buildActionMask = 2147483647;
			files = (
			);
			runOnlyForDeploymentPostprocessing = 0;
		};
		B69EF4DC27EE2B2500C086DA /* Frameworks */ = {
			isa = PBXFrameworksBuildPhase;
			buildActionMask = 2147483647;
			files = (
			);
			runOnlyForDeploymentPostprocessing = 0;
		};
/* End PBXFrameworksBuildPhase section */

/* Begin PBXGroup section */
		B69EF4B627EE2B1E00C086DA = {
			isa = PBXGroup;
			children = (
				B69EF4C127EE2B1E00C086DA /* Parstagram */,
				B69EF4D827EE2B2500C086DA /* ParstagramTests */,
				B69EF4E227EE2B2500C086DA /* ParstagramUITests */,
				B69EF4C027EE2B1E00C086DA /* Products */,
			);
			sourceTree = "<group>";
		};
		B69EF4C027EE2B1E00C086DA /* Products */ = {
			isa = PBXGroup;
			children = (
				B69EF4BF27EE2B1E00C086DA /* Parstagram.app */,
				B69EF4D527EE2B2500C086DA /* ParstagramTests.xctest */,
				B69EF4DF27EE2B2500C086DA /* ParstagramUITests.xctest */,
			);
			name = Products;
			sourceTree = "<group>";
		};
		B69EF4C127EE2B1E00C086DA /* Parstagram */ = {
			isa = PBXGroup;
			children = (
				B69EF4C227EE2B1E00C086DA /* AppDelegate.swift */,
				B69EF4C427EE2B1E00C086DA /* SceneDelegate.swift */,
				B69EF4C627EE2B1E00C086DA /* ViewController.swift */,
				B69EF4C827EE2B1E00C086DA /* Main.storyboard */,
				B69EF4CB27EE2B2400C086DA /* Assets.xcassets */,
				B69EF4CD27EE2B2400C086DA /* LaunchScreen.storyboard */,
				B69EF4D027EE2B2400C086DA /* Info.plist */,
			);
			path = Parstagram;
			sourceTree = "<group>";
		};
		B69EF4D827EE2B2500C086DA /* ParstagramTests */ = {
			isa = PBXGroup;
			children = (
				B69EF4D927EE2B2500C086DA /* ParstagramTests.swift */,
			);
			path = ParstagramTests;
			sourceTree = "<group>";
		};
		B69EF4E227EE2B2500C086DA /* ParstagramUITests */ = {
			isa = PBXGroup;
			children = (
				B69EF4E327EE2B2500C086DA /* ParstagramUITests.swift */,
				B69EF4E527EE2B2500C086DA /* ParstagramUITestsLaunchTests.swift */,
			);
			path = ParstagramUITests;
			sourceTree = "<group>";
		};
/* End PBXGroup section */

/* Begin PBXNativeTarget section */
		B69EF4BE27EE2B1E00C086DA /* Parstagram */ = {
			isa = PBXNativeTarget;
			buildConfigurationList = B69EF4E927EE2B2500C086DA /* Build configuration list for PBXNativeTarget "Parstagram" */;
			buildPhases = (
				B69EF4BB27EE2B1E00C086DA /* Sources */,
				B69EF4BC27EE2B1E00C086DA /* Frameworks */,
				B69EF4BD27EE2B1E00C086DA /* Resources */,
			);
			buildRules = (
			);
			dependencies = (
			);
			name = Parstagram;
			productName = Parstagram;
			productReference = B69EF4BF27EE2B1E00C086DA /* Parstagram.app */;
			productType = "com.apple.product-type.application";
		};
		B69EF4D427EE2B2500C086DA /* ParstagramTests */ = {
			isa = PBXNativeTarget;
			buildConfigurationList = B69EF4EC27EE2B2500C086DA /* Build configuration list for PBXNativeTarget "ParstagramTests" */;
			buildPhases = (
				B69EF4D127EE2B2500C086DA /* Sources */,
				B69EF4D227EE2B2500C086DA /* Frameworks */,
				B69EF4D327EE2B2500C086DA /* Resources */,
			);
			buildRules = (
			);
			dependencies = (
				B69EF4D727EE2B2500C086DA /* PBXTargetDependency */,
			);
			name = ParstagramTests;
			productName = ParstagramTests;
			productReference = B69EF4D527EE2B2500C086DA /* ParstagramTests.xctest */;
			productType = "com.apple.product-type.bundle.unit-test";
		};
		B69EF4DE27EE2B2500C086DA /* ParstagramUITests */ = {
			isa = PBXNativeTarget;
			buildConfigurationList = B69EF4EF27EE2B2500C086DA /* Build configuration list for PBXNativeTarget "ParstagramUITests" */;
			buildPhases = (
				B69EF4DB27EE2B2500C086DA /* Sources */,
				B69EF4DC27EE2B2500C086DA /* Frameworks */,
				B69EF4DD27EE2B2500C086DA /* Resources */,
			);
			buildRules = (
			);
			dependencies = (
				B69EF4E127EE2B2500C086DA /* PBXTargetDependency */,
			);
			name = ParstagramUITests;
			productName = ParstagramUITests;
			productReference = B69EF4DF27EE2B2500C086DA /* ParstagramUITests.xctest */;
			productType = "com.apple.product-type.bundle.ui-testing";
		};
/* End PBXNativeTarget section */

/* Begin PBXProject section */
		B69EF4B727EE2B1E00C086DA /* Project object */ = {
			isa = PBXProject;
			attributes = {
				BuildIndependentTargetsInParallel = 1;
				LastSwiftUpdateCheck = 1330;
				LastUpgradeCheck = 1330;
				TargetAttributes = {
					B69EF4BE27EE2B1E00C086DA = {
						CreatedOnToolsVersion = 13.3;
					};
					B69EF4D427EE2B2500C086DA = {
						CreatedOnToolsVersion = 13.3;
						TestTargetID = B69EF4BE27EE2B1E00C086DA;
					};
					B69EF4DE27EE2B2500C086DA = {
						CreatedOnToolsVersion = 13.3;
						TestTargetID = B69EF4BE27EE2B1E00C086DA;
					};
				};
			};
			buildConfigurationList = B69EF4BA27EE2B1E00C086DA /* Build configuration list for PBXProject "Parstagram" */;
			compatibilityVersion = "Xcode 13.0";
			developmentRegion = en;
			hasScannedForEncodings = 0;
			knownRegions = (
				en,
				Base,
			);
			mainGroup = B69EF4B627EE2B1E00C086DA;
			productRefGroup = B69EF4C027EE2B1E00C086DA /* Products */;
			projectDirPath = "";
			projectRoot = "";
			targets = (
				B69EF4BE27EE2B1E00C086DA /* Parstagram */,
				B69EF4D427EE2B2500C086DA /* ParstagramTests */,
				B69EF4DE27EE2B2500C086DA /* ParstagramUITests */,
			);
		};
/* End PBXProject section */

/* Begin PBXResourcesBuildPhase section */
		B69EF4BD27EE2B1E00C086DA /* Resources */ = {
			isa = PBXResourcesBuildPhase;
			buildActionMask = 2147483647;
			files = (
				B69EF4CF27EE2B2400C086DA /* LaunchScreen.storyboard in Resources */,
				B69EF4CC27EE2B2400C086DA /* Assets.xcassets in Resources */,
				B69EF4CA27EE2B1E00C086DA /* Main.storyboard in Resources */,
			);
			runOnlyForDeploymentPostprocessing = 0;
		};
		B69EF4D327EE2B2500C086DA /* Resources */ = {
			isa = PBXResourcesBuildPhase;
			buildActionMask = 2147483647;
			files = (
			);
			runOnlyForDeploymentPostprocessing = 0;
		};
		B69EF4DD27EE2B2500C086DA /* Resources */ = {
			isa = PBXResourcesBuildPhase;
			buildActionMask = 2147483647;
			files = (
			);
			runOnlyForDeploymentPostprocessing = 0;
		};
/* End PBXResourcesBuildPhase section */

/* Begin PBXSourcesBuildPhase section */
		B69EF4BB27EE2B1E00C086DA /* Sources */ = {
			isa = PBXSourcesBuildPhase;
			buildActionMask = 2147483647;
			files = (
				B69EF4C727EE2B1E00C086DA /* ViewController.swift in Sources */,
				B69EF4C327EE2B1E00C086DA /* AppDelegate.swift in Sources */,
				B69EF4C527EE2B1E00C086DA /* SceneDelegate.swift in Sources */,
			);
			runOnlyForDeploymentPostprocessing = 0;
		};
		B69EF4D127EE2B2500C086DA /* Sources */ = {
			isa = PBXSourcesBuildPhase;
			buildActionMask = 2147483647;
			files = (
				B69EF4DA27EE2B2500C086DA /* ParstagramTests.swift in Sources */,
			);
			runOnlyForDeploymentPostprocessing = 0;
		};
		B69EF4DB27EE2B2500C086DA /* Sources */ = {
			isa = PBXSourcesBuildPhase;
			buildActionMask = 2147483647;
			files = (
				B69EF4E627EE2B2500C086DA /* ParstagramUITestsLaunchTests.swift in Sources */,
				B69EF4E427EE2B2500C086DA /* ParstagramUITests.swift in Sources */,
			);
			runOnlyForDeploymentPostprocessing = 0;
		};
/* End PBXSourcesBuildPhase section */

/* Begin PBXTargetDependency section */
		B69EF4D727EE2B2500C086DA /* PBXTargetDependency */ = {
			isa = PBXTargetDependency;
			target = B69EF4BE27EE2B1E00C086DA /* Parstagram */;
			targetProxy = B69EF4D627EE2B2500C086DA /* PBXContainerItemProxy */;
		};
		B69EF4E127EE2B2500C086DA /* PBXTargetDependency */ = {
			isa = PBXTargetDependency;
			target = B69EF4BE27EE2B1E00C086DA /* Parstagram */;
			targetProxy = B69EF4E027EE2B2500C086DA /* PBXContainerItemProxy */;
		};
/* End PBXTargetDependency section */

/* Begin PBXVariantGroup section */
		B69EF4C827EE2B1E00C086DA /* Main.storyboard */ = {
			isa = PBXVariantGroup;
			children = (
				B69EF4C927EE2B1E00C086DA /* Base */,
			);
			name = Main.storyboard;
			sourceTree = "<group>";
		};
		B69EF4CD27EE2B2400C086DA /* LaunchScreen.storyboard */ = {
			isa = PBXVariantGroup;
			children = (
				B69EF4CE27EE2B2400C086DA /* Base */,
			);
			name = LaunchScreen.storyboard;
			sourceTree = "<group>";
		};
/* End PBXVariantGroup section */

/* Begin XCBuildConfiguration section */
		B69EF4E727EE2B2500C086DA /* Debug */ = {
			isa = XCBuildConfiguration;
			buildSettings = {
				ALWAYS_SEARCH_USER_PATHS = NO;
				CLANG_ANALYZER_NONNULL = YES;
				CLANG_ANALYZER_NUMBER_OBJECT_CONVERSION = YES_AGGRESSIVE;
				CLANG_CXX_LANGUAGE_STANDARD = "gnu++17";
				CLANG_ENABLE_MODULES = YES;
				CLANG_ENABLE_OBJC_ARC = YES;
				CLANG_ENABLE_OBJC_WEAK = YES;
				CLANG_WARN_BLOCK_CAPTURE_AUTORELEASING = YES;
				CLANG_WARN_BOOL_CONVERSION = YES;
				CLANG_WARN_COMMA = YES;
				CLANG_WARN_CONSTANT_CONVERSION = YES;
				CLANG_WARN_DEPRECATED_OBJC_IMPLEMENTATIONS = YES;
				CLANG_WARN_DIRECT_OBJC_ISA_USAGE = YES_ERROR;
				CLANG_WARN_DOCUMENTATION_COMMENTS = YES;
				CLANG_WARN_EMPTY_BODY = YES;
				CLANG_WARN_ENUM_CONVERSION = YES;
				CLANG_WARN_INFINITE_RECURSION = YES;
				CLANG_WARN_INT_CONVERSION = YES;
				CLANG_WARN_NON_LITERAL_NULL_CONVERSION = YES;
				CLANG_WARN_OBJC_IMPLICIT_RETAIN_SELF = YES;
				CLANG_WARN_OBJC_LITERAL_CONVERSION = YES;
				CLANG_WARN_OBJC_ROOT_CLASS = YES_ERROR;
				CLANG_WARN_QUOTED_INCLUDE_IN_FRAMEWORK_HEADER = YES;
				CLANG_WARN_RANGE_LOOP_ANALYSIS = YES;
				CLANG_WARN_STRICT_PROTOTYPES = YES;
				CLANG_WARN_SUSPICIOUS_MOVE = YES;
				CLANG_WARN_UNGUARDED_AVAILABILITY = YES_AGGRESSIVE;
				CLANG_WARN_UNREACHABLE_CODE = YES;
				CLANG_WARN__DUPLICATE_METHOD_MATCH = YES;
				COPY_PHASE_STRIP = NO;
				DEBUG_INFORMATION_FORMAT = dwarf;
				ENABLE_STRICT_OBJC_MSGSEND = YES;
				ENABLE_TESTABILITY = YES;
				GCC_C_LANGUAGE_STANDARD = gnu11;
				GCC_DYNAMIC_NO_PIC = NO;
				GCC_NO_COMMON_BLOCKS = YES;
				GCC_OPTIMIZATION_LEVEL = 0;
				GCC_PREPROCESSOR_DEFINITIONS = (
					"DEBUG=1",
					"$(inherited)",
				);
				GCC_WARN_64_TO_32_BIT_CONVERSION = YES;
				GCC_WARN_ABOUT_RETURN_TYPE = YES_ERROR;
				GCC_WARN_UNDECLARED_SELECTOR = YES;
				GCC_WARN_UNINITIALIZED_AUTOS = YES_AGGRESSIVE;
				GCC_WARN_UNUSED_FUNCTION = YES;
				GCC_WARN_UNUSED_VARIABLE = YES;
				IPHONEOS_DEPLOYMENT_TARGET = 15.4;
				MTL_ENABLE_DEBUG_INFO = INCLUDE_SOURCE;
				MTL_FAST_MATH = YES;
				ONLY_ACTIVE_ARCH = YES;
				SDKROOT = iphoneos;
				SWIFT_ACTIVE_COMPILATION_CONDITIONS = DEBUG;
				SWIFT_OPTIMIZATION_LEVEL = "-Onone";
			};
			name = Debug;
		};
		B69EF4E827EE2B2500C086DA /* Release */ = {
			isa = XCBuildConfiguration;
			buildSettings = {
				ALWAYS_SEARCH_USER_PATHS = NO;
				CLANG_ANALYZER_NONNULL = YES;
				CLANG_ANALYZER_NUMBER_OBJECT_CONVERSION = YES_AGGRESSIVE;
				CLANG_CXX_LANGUAGE_STANDARD = "gnu++17";
				CLANG_ENABLE_MODULES = YES;
				CLANG_ENABLE_OBJC_ARC = YES;
				CLANG_ENABLE_OBJC_WEAK = YES;
				CLANG_WARN_BLOCK_CAPTURE_AUTORELEASING = YES;
				CLANG_WARN_BOOL_CONVERSION = YES;
				CLANG_WARN_COMMA = YES;
				CLANG_WARN_CONSTANT_CONVERSION = YES;
				CLANG_WARN_DEPRECATED_OBJC_IMPLEMENTATIONS = YES;
				CLANG_WARN_DIRECT_OBJC_ISA_USAGE = YES_ERROR;
				CLANG_WARN_DOCUMENTATION_COMMENTS = YES;
				CLANG_WARN_EMPTY_BODY = YES;
				CLANG_WARN_ENUM_CONVERSION = YES;
				CLANG_WARN_INFINITE_RECURSION = YES;
				CLANG_WARN_INT_CONVERSION = YES;
				CLANG_WARN_NON_LITERAL_NULL_CONVERSION = YES;
				CLANG_WARN_OBJC_IMPLICIT_RETAIN_SELF = YES;
				CLANG_WARN_OBJC_LITERAL_CONVERSION = YES;
				CLANG_WARN_OBJC_ROOT_CLASS = YES_ERROR;
				CLANG_WARN_QUOTED_INCLUDE_IN_FRAMEWORK_HEADER = YES;
				CLANG_WARN_RANGE_LOOP_ANALYSIS = YES;
				CLANG_WARN_STRICT_PROTOTYPES = YES;
				CLANG_WARN_SUSPICIOUS_MOVE = YES;
				CLANG_WARN_UNGUARDED_AVAILABILITY = YES_AGGRESSIVE;
				CLANG_WARN_UNREACHABLE_CODE = YES;
				CLANG_WARN__DUPLICATE_METHOD_MATCH = YES;
				COPY_PHASE_STRIP = NO;
				DEBUG_INFORMATION_FORMAT = "dwarf-with-dsym";
				ENABLE_NS_ASSERTIONS = NO;
				ENABLE_STRICT_OBJC_MSGSEND = YES;
				GCC_C_LANGUAGE_STANDARD = gnu11;
				GCC_NO_COMMON_BLOCKS = YES;
				GCC_WARN_64_TO_32_BIT_CONVERSION = YES;
				GCC_WARN_ABOUT_RETURN_TYPE = YES_ERROR;
				GCC_WARN_UNDECLARED_SELECTOR = YES;
				GCC_WARN_UNINITIALIZED_AUTOS = YES_AGGRESSIVE;
				GCC_WARN_UNUSED_FUNCTION = YES;
				GCC_WARN_UNUSED_VARIABLE = YES;
				IPHONEOS_DEPLOYMENT_TARGET = 15.4;
				MTL_ENABLE_DEBUG_INFO = NO;
				MTL_FAST_MATH = YES;
				SDKROOT = iphoneos;
				SWIFT_COMPILATION_MODE = wholemodule;
				SWIFT_OPTIMIZATION_LEVEL = "-O";
				VALIDATE_PRODUCT = YES;
			};
			name = Release;
		};
		B69EF4EA27EE2B2500C086DA /* Debug */ = {
			isa = XCBuildConfiguration;
			buildSettings = {
				ASSETCATALOG_COMPILER_APPICON_NAME = AppIcon;
				ASSETCATALOG_COMPILER_GLOBAL_ACCENT_COLOR_NAME = AccentColor;
				CODE_SIGN_STYLE = Automatic;
				CURRENT_PROJECT_VERSION = 1;
				GENERATE_INFOPLIST_FILE = YES;
				INFOPLIST_FILE = Parstagram/Info.plist;
				INFOPLIST_KEY_UIApplicationSupportsIndirectInputEvents = YES;
				INFOPLIST_KEY_UILaunchStoryboardName = LaunchScreen;
				INFOPLIST_KEY_UIMainStoryboardFile = Main;
				INFOPLIST_KEY_UISupportedInterfaceOrientations_iPad = "UIInterfaceOrientationPortrait UIInterfaceOrientationPortraitUpsideDown UIInterfaceOrientationLandscapeLeft UIInterfaceOrientationLandscapeRight";
				INFOPLIST_KEY_UISupportedInterfaceOrientations_iPhone = "UIInterfaceOrientationPortrait UIInterfaceOrientationLandscapeLeft UIInterfaceOrientationLandscapeRight";
				LD_RUNPATH_SEARCH_PATHS = (
					"$(inherited)",
					"@executable_path/Frameworks",
				);
				MARKETING_VERSION = 1.0;
				PRODUCT_BUNDLE_IDENTIFIER = com.gegeviho.Parstagram;
				PRODUCT_NAME = "$(TARGET_NAME)";
				SWIFT_EMIT_LOC_STRINGS = YES;
				SWIFT_VERSION = 5.0;
				TARGETED_DEVICE_FAMILY = "1,2";
			};
			name = Debug;
		};
		B69EF4EB27EE2B2500C086DA /* Release */ = {
			isa = XCBuildConfiguration;
			buildSettings = {
				ASSETCATALOG_COMPILER_APPICON_NAME = AppIcon;
				ASSETCATALOG_COMPILER_GLOBAL_ACCENT_COLOR_NAME = AccentColor;
				CODE_SIGN_STYLE = Automatic;
				CURRENT_PROJECT_VERSION = 1;
				GENERATE_INFOPLIST_FILE = YES;
				INFOPLIST_FILE = Parstagram/Info.plist;
				INFOPLIST_KEY_UIApplicationSupportsIndirectInputEvents = YES;
				INFOPLIST_KEY_UILaunchStoryboardName = LaunchScreen;
				INFOPLIST_KEY_UIMainStoryboardFile = Main;
				INFOPLIST_KEY_UISupportedInterfaceOrientations_iPad = "UIInterfaceOrientationPortrait UIInterfaceOrientationPortraitUpsideDown UIInterfaceOrientationLandscapeLeft UIInterfaceOrientationLandscapeRight";
				INFOPLIST_KEY_UISupportedInterfaceOrientations_iPhone = "UIInterfaceOrientationPortrait UIInterfaceOrientationLandscapeLeft UIInterfaceOrientationLandscapeRight";
				LD_RUNPATH_SEARCH_PATHS = (
					"$(inherited)",
					"@executable_path/Frameworks",
				);
				MARKETING_VERSION = 1.0;
				PRODUCT_BUNDLE_IDENTIFIER = com.gegeviho.Parstagram;
				PRODUCT_NAME = "$(TARGET_NAME)";
				SWIFT_EMIT_LOC_STRINGS = YES;
				SWIFT_VERSION = 5.0;
				TARGETED_DEVICE_FAMILY = "1,2";
			};
			name = Release;
		};
		B69EF4ED27EE2B2500C086DA /* Debug */ = {
			isa = XCBuildConfiguration;
			buildSettings = {
				ALWAYS_EMBED_SWIFT_STANDARD_LIBRARIES = YES;
				BUNDLE_LOADER = "$(TEST_HOST)";
				CODE_SIGN_STYLE = Automatic;
				CURRENT_PROJECT_VERSION = 1;
				GENERATE_INFOPLIST_FILE = YES;
				IPHONEOS_DEPLOYMENT_TARGET = 15.4;
				MARKETING_VERSION = 1.0;
				PRODUCT_BUNDLE_IDENTIFIER = com.gegeviho.ParstagramTests;
				PRODUCT_NAME = "$(TARGET_NAME)";
				SWIFT_EMIT_LOC_STRINGS = NO;
				SWIFT_VERSION = 5.0;
				TARGETED_DEVICE_FAMILY = "1,2";
				TEST_HOST = "$(BUILT_PRODUCTS_DIR)/Parstagram.app/Parstagram";
			};
			name = Debug;
		};
		B69EF4EE27EE2B2500C086DA /* Release */ = {
			isa = XCBuildConfiguration;
			buildSettings = {
				ALWAYS_EMBED_SWIFT_STANDARD_LIBRARIES = YES;
				BUNDLE_LOADER = "$(TEST_HOST)";
				CODE_SIGN_STYLE = Automatic;
				CURRENT_PROJECT_VERSION = 1;
				GENERATE_INFOPLIST_FILE = YES;
				IPHONEOS_DEPLOYMENT_TARGET = 15.4;
				MARKETING_VERSION = 1.0;
				PRODUCT_BUNDLE_IDENTIFIER = com.gegeviho.ParstagramTests;
				PRODUCT_NAME = "$(TARGET_NAME)";
				SWIFT_EMIT_LOC_STRINGS = NO;
				SWIFT_VERSION = 5.0;
				TARGETED_DEVICE_FAMILY = "1,2";
				TEST_HOST = "$(BUILT_PRODUCTS_DIR)/Parstagram.app/Parstagram";
			};
			name = Release;
		};
		B69EF4F027EE2B2500C086DA /* Debug */ = {
			isa = XCBuildConfiguration;
			buildSettings = {
				ALWAYS_EMBED_SWIFT_STANDARD_LIBRARIES = YES;
				CODE_SIGN_STYLE = Automatic;
				CURRENT_PROJECT_VERSION = 1;
				GENERATE_INFOPLIST_FILE = YES;
				MARKETING_VERSION = 1.0;
				PRODUCT_BUNDLE_IDENTIFIER = com.gegeviho.ParstagramUITests;
				PRODUCT_NAME = "$(TARGET_NAME)";
				SWIFT_EMIT_LOC_STRINGS = NO;
				SWIFT_VERSION = 5.0;
				TARGETED_DEVICE_FAMILY = "1,2";
				TEST_TARGET_NAME = Parstagram;
			};
			name = Debug;
		};
		B69EF4F127EE2B2500C086DA /* Release */ = {
			isa = XCBuildConfiguration;
			buildSettings = {
				ALWAYS_EMBED_SWIFT_STANDARD_LIBRARIES = YES;
				CODE_SIGN_STYLE = Automatic;
				CURRENT_PROJECT_VERSION = 1;
				GENERATE_INFOPLIST_FILE = YES;
				MARKETING_VERSION = 1.0;
				PRODUCT_BUNDLE_IDENTIFIER = com.gegeviho.ParstagramUITests;
				PRODUCT_NAME = "$(TARGET_NAME)";
				SWIFT_EMIT_LOC_STRINGS = NO;
				SWIFT_VERSION = 5.0;
				TARGETED_DEVICE_FAMILY = "1,2";
				TEST_TARGET_NAME = Parstagram;
			};
			name = Release;
		};
/* End XCBuildConfiguration section */

/* Begin XCConfigurationList section */
		B69EF4BA27EE2B1E00C086DA /* Build configuration list for PBXProject "Parstagram" */ = {
			isa = XCConfigurationList;
			buildConfigurations = (
				B69EF4E727EE2B2500C086DA /* Debug */,
				B69EF4E827EE2B2500C086DA /* Release */,
			);
			defaultConfigurationIsVisible = 0;
			defaultConfigurationName = Release;
		};
		B69EF4E927EE2B2500C086DA /* Build configuration list for PBXNativeTarget "Parstagram" */ = {
			isa = XCConfigurationList;
			buildConfigurations = (
				B69EF4EA27EE2B2500C086DA /* Debug */,
				B69EF4EB27EE2B2500C086DA /* Release */,
			);
			defaultConfigurationIsVisible = 0;
			defaultConfigurationName = Release;
		};
		B69EF4EC27EE2B2500C086DA /* Build configuration list for PBXNativeTarget "ParstagramTests" */ = {
			isa = XCConfigurationList;
			buildConfigurations = (
				B69EF4ED27EE2B2500C086DA /* Debug */,
				B69EF4EE27EE2B2500C086DA /* Release */,
			);
			defaultConfigurationIsVisible = 0;
			defaultConfigurationName = Release;
		};
		B69EF4EF27EE2B2500C086DA /* Build configuration list for PBXNativeTarget "ParstagramUITests" */ = {
			isa = XCConfigurationList;
			buildConfigurations = (
				B69EF4F027EE2B2500C086DA /* Debug */,
				B69EF4F127EE2B2500C086DA /* Release */,
			);
			defaultConfigurationIsVisible = 0;
			defaultConfigurationName = Release;
		};
/* End XCConfigurationList section */
	};
	rootObject = B69EF4B727EE2B1E00C086DA /* Project object */;
}
